
Microsoft Visual Studio Solution File, Format Version 12.00
# Visual Studio Version 16
VisualStudioVersion = 16.0.31019.35
MinimumVisualStudioVersion = 10.0.40219.1
Project("{9A19103F-16F7-4668-BE54-9A1E7A4F7556}") = "Sender", "Sender\Sender.csproj", "{C1D06DF8-2151-484E-9AFE-A2D290505CDD}"
EndProject
Project("{FAE04EC0-301F-11D3-BF4B-00C04F79EFBC}") = "MessageBrokerMQ", "MessageBrokerMQ\MessageBrokerMQ.csproj", "{4A04E897-0AE3-46F2-8D75-C14559AB8C14}"
EndProject
Global
	GlobalSection(SolutionConfigurationPlatforms) = preSolution
		Debug|Any CPU = Debug|Any CPU
		Release|Any CPU = Release|Any CPU
	EndGlobalSection
	GlobalSection(ProjectConfigurationPlatforms) = postSolution
		{C1D06DF8-2151-484E-9AFE-A2D290505CDD}.Debug|Any CPU.ActiveCfg = Debug|Any CPU
		{C1D06DF8-2151-484E-9AFE-A2D290505CDD}.Debug|Any CPU.Build.0 = Debug|Any CPU
		{C1D06DF8-2151-484E-9AFE-A2D290505CDD}.Release|Any CPU.ActiveCfg = Release|Any CPU
		{C1D06DF8-2151-484E-9AFE-A2D290505CDD}.Release|Any CPU.Build.0 = Release|Any CPU
		{4A04E897-0AE3-46F2-8D75-C14559AB8C14}.Debug|Any CPU.ActiveCfg = Debug|Any CPU
		{4A04E897-0AE3-46F2-8D75-C14559AB8C14}.Debug|Any CPU.Build.0 = Debug|Any CPU
		{4A04E897-0AE3-46F2-8D75-C14559AB8C14}.Release|Any CPU.ActiveCfg = Release|Any CPU
		{4A04E897-0AE3-46F2-8D75-C14559AB8C14}.Release|Any CPU.Build.0 = Release|Any CPU
	EndGlobalSection
	GlobalSection(SolutionProperties) = preSolution
		HideSolutionNode = FALSE
	EndGlobalSection
	GlobalSection(ExtensibilityGlobals) = postSolution
		SolutionGuid = {93FD2C15-B130-4F2B-BBBB-E6F9A00A2F9A}
	EndGlobalSection
EndGlobal
